PODS:
  - camera (0.0.1):
    - Flutter
  - Flutter (1.0.0)
  - Masonry (1.1.0)
  - OpenCV2 (4.3.0)
  - path_provider (0.0.1):
    - Flutter
  - permission_handler (3.3.0):
    - Flutter
  - webview_flutter (0.0.1):
    - Flutter

DEPENDENCIES:
  - camera (from `.symlinks/plugins/camera/ios`)
  - Flutter (from `Flutter`)
  - Masonry
  - OpenCV2
  - path_provider (from `.symlinks/plugins/path_provider/ios`)
  - permission_handler (from `.symlinks/plugins/permission_handler/ios`)
  - webview_flutter (from `.symlinks/plugins/webview_flutter/ios`)

SPEC REPOS:
  trunk:
    - Masonry
    - OpenCV2

EXTERNAL SOURCES:
  camera:
    :path: ".symlinks/plugins/camera/ios"
  Flutter:
    :path: Flutter
  path_provider:
    :path: ".symlinks/plugins/path_provider/ios"
  permission_handler:
    :path: ".symlinks/plugins/permission_handler/ios"
  webview_flutter:
    :path: ".symlinks/plugins/webview_flutter/ios"

SPEC CHECKSUMS:
  camera: a0ca5080336f7af47b88436e5e26da3dee5568f0
  Flutter: 0e3d915762c693b495b44d77113d4970485de6ec
  Masonry: 678fab65091a9290e40e2832a55e7ab731aad201
  OpenCV2: ffe82e5cb5d16dc3fc01a5f4127b9a5b3cfc7d1b
  path_provider: abfe2b5c733d04e238b0d8691db0cfd63a27a93c
  permission_handler: 67637977b227d62d46bfbf524f335f8568de5a73
  webview_flutter: d2b4d6c66968ad042ad94cbb791f5b72b4678a96

PODFILE CHECKSUM: 3dc3934d90188677fb1f6d86511da167f9e3c1fc

COCOAPODS: 1.10.0
